
Microsoft Visual Studio Solution File, Format Version 12.00
# Visual Studio Version 16
VisualStudioVersion = 16.0.31019.35
MinimumVisualStudioVersion = 10.0.40219.1
Project("{FAE04EC0-301F-11D3-BF4B-00C04F79EFBC}") = "Developers Bank", "Developers Bank\Developers Bank.csproj", "{1AC861CD-9845-4A78-A9F8-C42D8CEAE19C}"
EndProject
Global
	GlobalSection(SolutionConfigurationPlatforms) = preSolution
		Debug|Any CPU = Debug|Any CPU
		Release|Any CPU = Release|Any CPU
	EndGlobalSection
	GlobalSection(ProjectConfigurationPlatforms) = postSolution
		{1AC861CD-9845-4A78-A9F8-C42D8CEAE19C}.Debug|Any CPU.ActiveCfg = Debug|Any CPU
		{1AC861CD-9845-4A78-A9F8-C42D8CEAE19C}.Debug|Any CPU.Build.0 = Debug|Any CPU
		{1AC861CD-9845-4A78-A9F8-C42D8CEAE19C}.Release|Any CPU.ActiveCfg = Release|Any CPU
		{1AC861CD-9845-4A78-A9F8-C42D8CEAE19C}.Release|Any CPU.Build.0 = Release|Any CPU
	EndGlobalSection
	GlobalSection(SolutionProperties) = preSolution
		HideSolutionNode = FALSE
	EndGlobalSection
	GlobalSection(ExtensibilityGlobals) = postSolution
		SolutionGuid = {A24C3C68-279B-48A4-A9A2-FE6E5DDF6D96}
	EndGlobalSection
EndGlobal
